
Microsoft Visual Studio Solution File, Format Version 12.00
# Visual Studio Version 16
VisualStudioVersion = 16.0.32901.82
MinimumVisualStudioVersion = 10.0.40219.1
Project("{FAE04EC0-301F-11D3-BF4B-00C04F79EFBC}") = "eTickets", "eTickets\eTickets.csproj", "{D7E744B7-A65D-4A46-9721-97CF44307D8B}"
EndProject
Global
	GlobalSection(SolutionConfigurationPlatforms) = preSolution
		Debug|Any CPU = Debug|Any CPU
		Release|Any CPU = Release|Any CPU
	EndGlobalSection
	GlobalSection(ProjectConfigurationPlatforms) = postSolution
		{D7E744B7-A65D-4A46-9721-97CF44307D8B}.Debug|Any CPU.ActiveCfg = Debug|Any CPU
		{D7E744B7-A65D-4A46-9721-97CF44307D8B}.Debug|Any CPU.Build.0 = Debug|Any CPU
		{D7E744B7-A65D-4A46-9721-97CF44307D8B}.Release|Any CPU.ActiveCfg = Release|Any CPU
		{D7E744B7-A65D-4A46-9721-97CF44307D8B}.Release|Any CPU.Build.0 = Release|Any CPU
	EndGlobalSection
	GlobalSection(SolutionProperties) = preSolution
		HideSolutionNode = FALSE
	EndGlobalSection
	GlobalSection(ExtensibilityGlobals) = postSolution
		SolutionGuid = {ABB077B6-A68B-41F1-AF25-1B5B142960EB}
	EndGlobalSection
EndGlobal
